
Microsoft Visual Studio Solution File, Format Version 12.00
# Visual Studio Version 16
VisualStudioVersion = 16.0.29709.97
MinimumVisualStudioVersion = 10.0.40219.1
Project("{9A19103F-16F7-4668-BE54-9A1E7A4F7556}") = "NancyPrototype", "NancyPrototypr\NancyPrototype.csproj", "{39EB0353-2124-4379-9241-87AE8D08CE12}"
EndProject
Global
	GlobalSection(SolutionConfigurationPlatforms) = preSolution
		Debug|Any CPU = Debug|Any CPU
		Release|Any CPU = Release|Any CPU
	EndGlobalSection
	GlobalSection(ProjectConfigurationPlatforms) = postSolution
		{39EB0353-2124-4379-9241-87AE8D08CE12}.Debug|Any CPU.ActiveCfg = Debug|Any CPU
		{39EB0353-2124-4379-9241-87AE8D08CE12}.Debug|Any CPU.Build.0 = Debug|Any CPU
		{39EB0353-2124-4379-9241-87AE8D08CE12}.Release|Any CPU.ActiveCfg = Release|Any CPU
		{39EB0353-2124-4379-9241-87AE8D08CE12}.Release|Any CPU.Build.0 = Release|Any CPU
	EndGlobalSection
	GlobalSection(SolutionProperties) = preSolution
		HideSolutionNode = FALSE
	EndGlobalSection
	GlobalSection(ExtensibilityGlobals) = postSolution
		SolutionGuid = {CE5F0052-A20E-4BD1-A171-15F501CEF7EE}
	EndGlobalSection
EndGlobal
